
Microsoft Visual Studio Solution File, Format Version 12.00
# Visual Studio 2013
VisualStudioVersion = 12.0.30501.0
MinimumVisualStudioVersion = 10.0.40219.1
Project("{FAE04EC0-301F-11D3-BF4B-00C04F79EFBC}") = "ExampleApp.UI", "ExampleApp.UI\ExampleApp.UI.csproj", "{7688E2AC-CD58-470F-A0D8-E928BF1C4354}"
EndProject
Project("{FAE04EC0-301F-11D3-BF4B-00C04F79EFBC}") = "ExampleApp.Model", "ExampleApp.Model\ExampleApp.Model.csproj", "{1A82BF6C-3724-49CE-9658-986F656A3A04}"
EndProject
Global
	GlobalSection(SolutionConfigurationPlatforms) = preSolution
		Debug|Any CPU = Debug|Any CPU
		Release|Any CPU = Release|Any CPU
	EndGlobalSection
	GlobalSection(ProjectConfigurationPlatforms) = postSolution
		{7688E2AC-CD58-470F-A0D8-E928BF1C4354}.Debug|Any CPU.ActiveCfg = Debug|Any CPU
		{7688E2AC-CD58-470F-A0D8-E928BF1C4354}.Debug|Any CPU.Build.0 = Debug|Any CPU
		{7688E2AC-CD58-470F-A0D8-E928BF1C4354}.Release|Any CPU.ActiveCfg = Release|Any CPU
		{7688E2AC-CD58-470F-A0D8-E928BF1C4354}.Release|Any CPU.Build.0 = Release|Any CPU
		{1A82BF6C-3724-49CE-9658-986F656A3A04}.Debug|Any CPU.ActiveCfg = Debug|Any CPU
		{1A82BF6C-3724-49CE-9658-986F656A3A04}.Debug|Any CPU.Build.0 = Debug|Any CPU
		{1A82BF6C-3724-49CE-9658-986F656A3A04}.Release|Any CPU.ActiveCfg = Release|Any CPU
		{1A82BF6C-3724-49CE-9658-986F656A3A04}.Release|Any CPU.Build.0 = Release|Any CPU
	EndGlobalSection
	GlobalSection(SolutionProperties) = preSolution
		HideSolutionNode = FALSE
	EndGlobalSection
EndGlobal
