
Microsoft Visual Studio Solution File, Format Version 12.00
# Visual Studio 14
VisualStudioVersion = 14.0.23107.0
MinimumVisualStudioVersion = 10.0.40219.1
Project("{FAE04EC0-301F-11D3-BF4B-00C04F79EFBC}") = "ExampleApp.UI", "ExampleApp.UI\ExampleApp.UI.csproj", "{7688E2AC-CD58-470F-A0D8-E928BF1C4354}"
EndProject
Project("{FAE04EC0-301F-11D3-BF4B-00C04F79EFBC}") = "ExampleApp.Model", "ExampleApp.Model\ExampleApp.Model.csproj", "{1A82BF6C-3724-49CE-9658-986F656A3A04}"
EndProject
Project("{2150E333-8FDC-42A3-9474-1A3956D46DE8}") = "screenshots", "screenshots", "{6B8350AA-4A8B-401F-AB12-937855BC5942}"
	ProjectSection(SolutionItems) = preProject
		screenshots\ExampleApp.png = screenshots\ExampleApp.png
	EndProjectSection
EndProject
Project("{2150E333-8FDC-42A3-9474-1A3956D46DE8}") = "linqpad snippets", "linqpad snippets", "{0A24E591-89C0-476B-8155-AB5216BCD9C8}"
	ProjectSection(SolutionItems) = preProject
		linqpad snippets\Ex1.linq = linqpad snippets\Ex1.linq
		linqpad snippets\Ex10.linq = linqpad snippets\Ex10.linq
		linqpad snippets\Ex11.linq = linqpad snippets\Ex11.linq
		linqpad snippets\Ex12.linq = linqpad snippets\Ex12.linq
		linqpad snippets\Ex13.linq = linqpad snippets\Ex13.linq
		linqpad snippets\Ex14.linq = linqpad snippets\Ex14.linq
		linqpad snippets\Ex2.linq = linqpad snippets\Ex2.linq
		linqpad snippets\Ex3.linq = linqpad snippets\Ex3.linq
		linqpad snippets\Ex4.linq = linqpad snippets\Ex4.linq
		linqpad snippets\Ex5.linq = linqpad snippets\Ex5.linq
		linqpad snippets\Ex6.linq = linqpad snippets\Ex6.linq
		linqpad snippets\Ex7.linq = linqpad snippets\Ex7.linq
		linqpad snippets\Ex8.linq = linqpad snippets\Ex8.linq
		linqpad snippets\Ex9.linq = linqpad snippets\Ex9.linq
	EndProjectSection
EndProject
Project("{2150E333-8FDC-42A3-9474-1A3956D46DE8}") = "Solution Items", "Solution Items", "{555A7A77-6622-440F-B1D9-0A71D53118C4}"
EndProject
Project("{2150E333-8FDC-42A3-9474-1A3956D46DE8}") = "linqpad reactive snippets", "linqpad reactive snippets", "{AC3FBA36-5480-4683-A8B2-0A1A4E22FEB1}"
	ProjectSection(SolutionItems) = preProject
		linqpad reactive snippets\Ex1.linq = linqpad reactive snippets\Ex1.linq
		linqpad reactive snippets\Ex10.linq = linqpad reactive snippets\Ex10.linq
		linqpad reactive snippets\Ex11.linq = linqpad reactive snippets\Ex11.linq
		linqpad reactive snippets\Ex12.linq = linqpad reactive snippets\Ex12.linq
		linqpad reactive snippets\Ex14.linq = linqpad reactive snippets\Ex14.linq
		linqpad reactive snippets\Ex15.linq = linqpad reactive snippets\Ex15.linq
		linqpad reactive snippets\Ex16.linq = linqpad reactive snippets\Ex16.linq
		linqpad reactive snippets\Ex17.linq = linqpad reactive snippets\Ex17.linq
		linqpad reactive snippets\Ex18.linq = linqpad reactive snippets\Ex18.linq
		linqpad reactive snippets\Ex19.linq = linqpad reactive snippets\Ex19.linq
		linqpad reactive snippets\Ex2.linq = linqpad reactive snippets\Ex2.linq
		linqpad reactive snippets\Ex20.linq = linqpad reactive snippets\Ex20.linq
		linqpad reactive snippets\Ex21.linq = linqpad reactive snippets\Ex21.linq
		linqpad reactive snippets\Ex22.linq = linqpad reactive snippets\Ex22.linq
		linqpad reactive snippets\Ex23.linq = linqpad reactive snippets\Ex23.linq
		linqpad reactive snippets\Ex24.linq = linqpad reactive snippets\Ex24.linq
		linqpad reactive snippets\Ex3.linq = linqpad reactive snippets\Ex3.linq
		linqpad reactive snippets\Ex4.linq = linqpad reactive snippets\Ex4.linq
		linqpad reactive snippets\Ex5.linq = linqpad reactive snippets\Ex5.linq
		linqpad reactive snippets\Ex6.linq = linqpad reactive snippets\Ex6.linq
		linqpad reactive snippets\Ex7.linq = linqpad reactive snippets\Ex7.linq
		linqpad reactive snippets\Ex8.linq = linqpad reactive snippets\Ex8.linq
		linqpad reactive snippets\Ex9.linq = linqpad reactive snippets\Ex9.linq
		linqpad reactive snippets\ExUI.linq = linqpad reactive snippets\ExUI.linq
		readme.txt = readme.txt
	EndProjectSection
EndProject
Global
	GlobalSection(SolutionConfigurationPlatforms) = preSolution
		Debug|Any CPU = Debug|Any CPU
		Release|Any CPU = Release|Any CPU
	EndGlobalSection
	GlobalSection(ProjectConfigurationPlatforms) = postSolution
		{7688E2AC-CD58-470F-A0D8-E928BF1C4354}.Debug|Any CPU.ActiveCfg = Debug|Any CPU
		{7688E2AC-CD58-470F-A0D8-E928BF1C4354}.Debug|Any CPU.Build.0 = Debug|Any CPU
		{7688E2AC-CD58-470F-A0D8-E928BF1C4354}.Release|Any CPU.ActiveCfg = Release|Any CPU
		{7688E2AC-CD58-470F-A0D8-E928BF1C4354}.Release|Any CPU.Build.0 = Release|Any CPU
		{1A82BF6C-3724-49CE-9658-986F656A3A04}.Debug|Any CPU.ActiveCfg = Debug|Any CPU
		{1A82BF6C-3724-49CE-9658-986F656A3A04}.Debug|Any CPU.Build.0 = Debug|Any CPU
		{1A82BF6C-3724-49CE-9658-986F656A3A04}.Release|Any CPU.ActiveCfg = Release|Any CPU
		{1A82BF6C-3724-49CE-9658-986F656A3A04}.Release|Any CPU.Build.0 = Release|Any CPU
	EndGlobalSection
	GlobalSection(SolutionProperties) = preSolution
		HideSolutionNode = FALSE
	EndGlobalSection
EndGlobal
